// !$*UTF8*$!
{
	archiveVersion = 1;
	classes = {
	};
	objectVersion = 46;
	objects = {

/* Begin PBXBuildFile section */
		69BAD8841B7D0AA600DD91C2 /* main.m in Sources */ = {isa = PBXBuildFile; fileRef = 69BAD8831B7D0AA600DD91C2 /* main.m */; };
		69BAD8871B7D0AA600DD91C2 /* AppDelegate.m in Sources */ = {isa = PBXBuildFile; fileRef = 69BAD8861B7D0AA600DD91C2 /* AppDelegate.m */; };
		69BAD88A1B7D0AA600DD91C2 /* ViewController.m in Sources */ = {isa = PBXBuildFile; fileRef = 69BAD8891B7D0AA600DD91C2 /* ViewController.m */; };
		69BAD88D1B7D0AA600DD91C2 /* Main.storyboard in Resources */ = {isa = PBXBuildFile; fileRef = 69BAD88B1B7D0AA600DD91C2 /* Main.storyboard */; };
		69BAD88F1B7D0AA600DD91C2 /* Images.xcassets in Resources */ = {isa = PBXBuildFile; fileRef = 69BAD88E1B7D0AA600DD91C2 /* Images.xcassets */; };
		69BAD8921B7D0AA600DD91C2 /* LaunchScreen.xib in Resources */ = {isa = PBXBuildFile; fileRef = 69BAD8901B7D0AA600DD91C2 /* LaunchScreen.xib */; };
		69BAD89E1B7D0AA600DD91C2 /* Xcode_Bot_TestTests.m in Sources */ = {isa = PBXBuildFile; fileRef = 69BAD89D1B7D0AA600DD91C2 /* Xcode_Bot_TestTests.m */; };
/* End PBXBuildFile section */

/* Begin PBXContainerItemProxy section */
		69BAD8981B7D0AA600DD91C2 /* PBXContainerItemProxy */ = {
			isa = PBXContainerItemProxy;
			containerPortal = 69BAD8761B7D0AA600DD91C2 /* Project object */;
			proxyType = 1;
			remoteGlobalIDString = 69BAD87D1B7D0AA600DD91C2;
			remoteInfo = "Xcode Bot Test";
		};
/* End PBXContainerItemProxy section */

/* Begin PBXFileReference section */
		69BAD87E1B7D0AA600DD91C2 /* Xcode Bot Test.app */ = {isa = PBXFileReference; explicitFileType = wrapper.application; includeInIndex = 0; path = "Xcode Bot Test.app"; sourceTree = BUILT_PRODUCTS_DIR; };
		69BAD8821B7D0AA600DD91C2 /* Info.plist */ = {isa = PBXFileReference; lastKnownFileType = text.plist.xml; path = Info.plist; sourceTree = "<group>"; };
		69BAD8831B7D0AA600DD91C2 /* main.m */ = {isa = PBXFileReference; lastKnownFileType = sourcecode.c.objc; path = main.m; sourceTree = "<group>"; };
		69BAD8851B7D0AA600DD91C2 /* AppDelegate.h */ = {isa = PBXFileReference; lastKnownFileType = sourcecode.c.h; path = AppDelegate.h; sourceTree = "<group>"; };
		69BAD8861B7D0AA600DD91C2 /* AppDelegate.m */ = {isa = PBXFileReference; lastKnownFileType = sourcecode.c.objc; path = AppDelegate.m; sourceTree = "<group>"; };
		69BAD8881B7D0AA600DD91C2 /* ViewController.h */ = {isa = PBXFileReference; lastKnownFileType = sourcecode.c.h; path = ViewController.h; sourceTree = "<group>"; };
		69BAD8891B7D0AA600DD91C2 /* ViewController.m */ = {isa = PBXFileReference; lastKnownFileType = sourcecode.c.objc; path = ViewController.m; sourceTree = "<group>"; };
		69BAD88C1B7D0AA600DD91C2 /* Base */ = {isa = PBXFileReference; lastKnownFileType = file.storyboard; name = Base; path = Base.lproj/Main.storyboard; sourceTree = "<group>"; };
		69BAD88E1B7D0AA600DD91C2 /* Images.xcassets */ = {isa = PBXFileReference; lastKnownFileType = folder.assetcatalog; path = Images.xcassets; sourceTree = "<group>"; };
		69BAD8911B7D0AA600DD91C2 /* Base */ = {isa = PBXFileReference; lastKnownFileType = file.xib; name = Base; path = Base.lproj/LaunchScreen.xib; sourceTree = "<group>"; };
		69BAD8971B7D0AA600DD91C2 /* Xcode Bot TestTests.xctest */ = {isa = PBXFileReference; explicitFileType = wrapper.cfbundle; includeInIndex = 0; path = "Xcode Bot TestTests.xctest"; sourceTree = BUILT_PRODUCTS_DIR; };
		69BAD89C1B7D0AA600DD91C2 /* Info.plist */ = {isa = PBXFileReference; lastKnownFileType = text.plist.xml; path = Info.plist; sourceTree = "<group>"; };
		69BAD89D1B7D0AA600DD91C2 /* Xcode_Bot_TestTests.m */ = {isa = PBXFileReference; lastKnownFileType = sourcecode.c.objc; path = Xcode_Bot_TestTests.m; sourceTree = "<group>"; };
/* End PBXFileReference section */

/* Begin PBXFrameworksBuildPhase section */
		69BAD87B1B7D0AA600DD91C2 /* Frameworks */ = {
			isa = PBXFrameworksBuildPhase;
			buildActionMask = 2147483647;
			files = (
			);
			runOnlyForDeploymentPostprocessing = 0;
		};
		69BAD8941B7D0AA600DD91C2 /* Frameworks */ = {
			isa = PBXFrameworksBuildPhase;
			buildActionMask = 2147483647;
			files = (
			);
			runOnlyForDeploymentPostprocessing = 0;
		};
/* End PBXFrameworksBuildPhase section */

/* Begin PBXGroup section */
		69BAD8751B7D0AA600DD91C2 = {
			isa = PBXGroup;
			children = (
				69BAD8801B7D0AA600DD91C2 /* Xcode Bot Test */,
				69BAD89A1B7D0AA600DD91C2 /* Xcode Bot TestTests */,
				69BAD87F1B7D0AA600DD91C2 /* Products */,
			);
			sourceTree = "<group>";
		};
		69BAD87F1B7D0AA600DD91C2 /* Products */ = {
			isa = PBXGroup;
			children = (
				69BAD87E1B7D0AA600DD91C2 /* Xcode Bot Test.app */,
				69BAD8971B7D0AA600DD91C2 /* Xcode Bot TestTests.xctest */,
			);
			name = Products;
			sourceTree = "<group>";
		};
		69BAD8801B7D0AA600DD91C2 /* Xcode Bot Test */ = {
			isa = PBXGroup;
			children = (
				69BAD8851B7D0AA600DD91C2 /* AppDelegate.h */,
				69BAD8861B7D0AA600DD91C2 /* AppDelegate.m */,
				69BAD8881B7D0AA600DD91C2 /* ViewController.h */,
				69BAD8891B7D0AA600DD91C2 /* ViewController.m */,
				69BAD88B1B7D0AA600DD91C2 /* Main.storyboard */,
				69BAD88E1B7D0AA600DD91C2 /* Images.xcassets */,
				69BAD8901B7D0AA600DD91C2 /* LaunchScreen.xib */,
				69BAD8811B7D0AA600DD91C2 /* Supporting Files */,
			);
			path = "Xcode Bot Test";
			sourceTree = "<group>";
		};
		69BAD8811B7D0AA600DD91C2 /* Supporting Files */ = {
			isa = PBXGroup;
			children = (
				69BAD8821B7D0AA600DD91C2 /* Info.plist */,
				69BAD8831B7D0AA600DD91C2 /* main.m */,
			);
			name = "Supporting Files";
			sourceTree = "<group>";
		};
		69BAD89A1B7D0AA600DD91C2 /* Xcode Bot TestTests */ = {
			isa = PBXGroup;
			children = (
				69BAD89D1B7D0AA600DD91C2 /* Xcode_Bot_TestTests.m */,
				69BAD89B1B7D0AA600DD91C2 /* Supporting Files */,
			);
			path = "Xcode Bot TestTests";
			sourceTree = "<group>";
		};
		69BAD89B1B7D0AA600DD91C2 /* Supporting Files */ = {
			isa = PBXGroup;
			children = (
				69BAD89C1B7D0AA600DD91C2 /* Info.plist */,
			);
			name = "Supporting Files";
			sourceTree = "<group>";
		};
/* End PBXGroup section */

/* Begin PBXNativeTarget section */
		69BAD87D1B7D0AA600DD91C2 /* Xcode Bot Test */ = {
			isa = PBXNativeTarget;
			buildConfigurationList = 69BAD8A11B7D0AA600DD91C2 /* Build configuration list for PBXNativeTarget "Xcode Bot Test" */;
			buildPhases = (
				69BAD87A1B7D0AA600DD91C2 /* Sources */,
				69BAD87B1B7D0AA600DD91C2 /* Frameworks */,
				69BAD87C1B7D0AA600DD91C2 /* Resources */,
			);
			buildRules = (
			);
			dependencies = (
			);
			name = "Xcode Bot Test";
			productName = "Xcode Bot Test";
			productReference = 69BAD87E1B7D0AA600DD91C2 /* Xcode Bot Test.app */;
			productType = "com.apple.product-type.application";
		};
		69BAD8961B7D0AA600DD91C2 /* Xcode Bot TestTests */ = {
			isa = PBXNativeTarget;
			buildConfigurationList = 69BAD8A41B7D0AA600DD91C2 /* Build configuration list for PBXNativeTarget "Xcode Bot TestTests" */;
			buildPhases = (
				69BAD8931B7D0AA600DD91C2 /* Sources */,
				69BAD8941B7D0AA600DD91C2 /* Frameworks */,
				69BAD8951B7D0AA600DD91C2 /* Resources */,
			);
			buildRules = (
			);
			dependencies = (
				69BAD8991B7D0AA600DD91C2 /* PBXTargetDependency */,
			);
			name = "Xcode Bot TestTests";
			productName = "Xcode Bot TestTests";
			productReference = 69BAD8971B7D0AA600DD91C2 /* Xcode Bot TestTests.xctest */;
			productType = "com.apple.product-type.bundle.unit-test";
		};
/* End PBXNativeTarget section */

/* Begin PBXProject section */
		69BAD8761B7D0AA600DD91C2 /* Project object */ = {
			isa = PBXProject;
			attributes = {
				LastUpgradeCheck = 0640;
				ORGANIZATIONNAME = "Jay Whitsitt";
				TargetAttributes = {
					69BAD87D1B7D0AA600DD91C2 = {
						CreatedOnToolsVersion = 6.4;
					};
					69BAD8961B7D0AA600DD91C2 = {
						CreatedOnToolsVersion = 6.4;
						TestTargetID = 69BAD87D1B7D0AA600DD91C2;
					};
				};
			};
			buildConfigurationList = 69BAD8791B7D0AA600DD91C2 /* Build configuration list for PBXProject "Xcode Bot Test" */;
			compatibilityVersion = "Xcode 3.2";
			developmentRegion = English;
			hasScannedForEncodings = 0;
			knownRegions = (
				en,
				Base,
			);
			mainGroup = 69BAD8751B7D0AA600DD91C2;
			productRefGroup = 69BAD87F1B7D0AA600DD91C2 /* Products */;
			projectDirPath = "";
			projectRoot = "";
			targets = (
				69BAD87D1B7D0AA600DD91C2 /* Xcode Bot Test */,
				69BAD8961B7D0AA600DD91C2 /* Xcode Bot TestTests */,
			);
		};
/* End PBXProject section */

/* Begin PBXResourcesBuildPhase section */
		69BAD87C1B7D0AA600DD91C2 /* Resources */ = {
			isa = PBXResourcesBuildPhase;
			buildActionMask = 2147483647;
			files = (
				69BAD88D1B7D0AA600DD91C2 /* Main.storyboard in Resources */,
				69BAD8921B7D0AA600DD91C2 /* LaunchScreen.xib in Resources */,
				69BAD88F1B7D0AA600DD91C2 /* Images.xcassets in Resources */,
			);
			runOnlyForDeploymentPostprocessing = 0;
		};
		69BAD8951B7D0AA600DD91C2 /* Resources */ = {
			isa = PBXResourcesBuildPhase;
			buildActionMask = 2147483647;
			files = (
			);
			runOnlyForDeploymentPostprocessing = 0;
		};
/* End PBXResourcesBuildPhase section */

/* Begin PBXSourcesBuildPhase section */
		69BAD87A1B7D0AA600DD91C2 /* Sources */ = {
			isa = PBXSourcesBuildPhase;
			buildActionMask = 2147483647;
			files = (
				69BAD88A1B7D0AA600DD91C2 /* ViewController.m in Sources */,
				69BAD8871B7D0AA600DD91C2 /* AppDelegate.m in Sources */,
				69BAD8841B7D0AA600DD91C2 /* main.m in Sources */,
			);
			runOnlyForDeploymentPostprocessing = 0;
		};
		69BAD8931B7D0AA600DD91C2 /* Sources */ = {
			isa = PBXSourcesBuildPhase;
			buildActionMask = 2147483647;
			files = (
				69BAD89E1B7D0AA600DD91C2 /* Xcode_Bot_TestTests.m in Sources */,
			);
			runOnlyForDeploymentPostprocessing = 0;
		};
/* End PBXSourcesBuildPhase section */

/* Begin PBXTargetDependency section */
		69BAD8991B7D0AA600DD91C2 /* PBXTargetDependency */ = {
			isa = PBXTargetDependency;
			target = 69BAD87D1B7D0AA600DD91C2 /* Xcode Bot Test */;
			targetProxy = 69BAD8981B7D0AA600DD91C2 /* PBXContainerItemProxy */;
		};
/* End PBXTargetDependency section */

/* Begin PBXVariantGroup section */
		69BAD88B1B7D0AA600DD91C2 /* Main.storyboard */ = {
			isa = PBXVariantGroup;
			children = (
				69BAD88C1B7D0AA600DD91C2 /* Base */,
			);
			name = Main.storyboard;
			sourceTree = "<group>";
		};
		69BAD8901B7D0AA600DD91C2 /* LaunchScreen.xib */ = {
			isa = PBXVariantGroup;
			children = (
				69BAD8911B7D0AA600DD91C2 /* Base */,
			);
			name = LaunchScreen.xib;
			sourceTree = "<group>";
		};
/* End PBXVariantGroup section */

/* Begin XCBuildConfiguration section */
		69BAD89F1B7D0AA600DD91C2 /* Debug */ = {
			isa = XCBuildConfiguration;
			buildSettings = {
				ALWAYS_SEARCH_USER_PATHS = NO;
				CLANG_CXX_LANGUAGE_STANDARD = "gnu++0x";
				CLANG_CXX_LIBRARY = "libc++";
				CLANG_ENABLE_MODULES = YES;
				CLANG_ENABLE_OBJC_ARC = YES;
				CLANG_WARN_BOOL_CONVERSION = YES;
				CLANG_WARN_CONSTANT_CONVERSION = YES;
				CLANG_WARN_DIRECT_OBJC_ISA_USAGE = YES_ERROR;
				CLANG_WARN_EMPTY_BODY = YES;
				CLANG_WARN_ENUM_CONVERSION = YES;
				CLANG_WARN_INT_CONVERSION = YES;
				CLANG_WARN_OBJC_ROOT_CLASS = YES_ERROR;
				CLANG_WARN_UNREACHABLE_CODE = YES;
				CLANG_WARN__DUPLICATE_METHOD_MATCH = YES;
				"CODE_SIGN_IDENTITY[sdk=iphoneos*]" = "iPhone Developer";
				COPY_PHASE_STRIP = NO;
				DEBUG_INFORMATION_FORMAT = "dwarf-with-dsym";
				ENABLE_STRICT_OBJC_MSGSEND = YES;
				GCC_C_LANGUAGE_STANDARD = gnu99;
				GCC_DYNAMIC_NO_PIC = NO;
				GCC_NO_COMMON_BLOCKS = YES;
				GCC_OPTIMIZATION_LEVEL = 0;
				GCC_PREPROCESSOR_DEFINITIONS = (
					"DEBUG=1",
					"$(inherited)",
				);
				GCC_SYMBOLS_PRIVATE_EXTERN = NO;
				GCC_WARN_64_TO_32_BIT_CONVERSION = YES;
				GCC_WARN_ABOUT_RETURN_TYPE = YES_ERROR;
				GCC_WARN_UNDECLARED_SELECTOR = YES;
				GCC_WARN_UNINITIALIZED_AUTOS = YES_AGGRESSIVE;
				GCC_WARN_UNUSED_FUNCTION = YES;
				GCC_WARN_UNUSED_VARIABLE = YES;
				IPHONEOS_DEPLOYMENT_TARGET = 8.4;
				MTL_ENABLE_DEBUG_INFO = YES;
				ONLY_ACTIVE_ARCH = YES;
				SDKROOT = iphoneos;
				TARGETED_DEVICE_FAMILY = "1,2";
			};
			name = Debug;
		};
		69BAD8A01B7D0AA600DD91C2 /* Release */ = {
			isa = XCBuildConfiguration;
			buildSettings = {
				ALWAYS_SEARCH_USER_PATHS = NO;
				CLANG_CXX_LANGUAGE_STANDARD = "gnu++0x";
				CLANG_CXX_LIBRARY = "libc++";
				CLANG_ENABLE_MODULES = YES;
				CLANG_ENABLE_OBJC_ARC = YES;
				CLANG_WARN_BOOL_CONVERSION = YES;
				CLANG_WARN_CONSTANT_CONVERSION = YES;
				CLANG_WARN_DIRECT_OBJC_ISA_USAGE = YES_ERROR;
				CLANG_WARN_EMPTY_BODY = YES;
				CLANG_WARN_ENUM_CONVERSION = YES;
				CLANG_WARN_INT_CONVERSION = YES;
				CLANG_WARN_OBJC_ROOT_CLASS = YES_ERROR;
				CLANG_WARN_UNREACHABLE_CODE = YES;
				CLANG_WARN__DUPLICATE_METHOD_MATCH = YES;
				"CODE_SIGN_IDENTITY[sdk=iphoneos*]" = "iPhone Developer";
				COPY_PHASE_STRIP = NO;
				DEBUG_INFORMATION_FORMAT = "dwarf-with-dsym";
				ENABLE_NS_ASSERTIONS = NO;
				ENABLE_STRICT_OBJC_MSGSEND = YES;
				GCC_C_LANGUAGE_STANDARD = gnu99;
				GCC_NO_COMMON_BLOCKS = YES;
				GCC_WARN_64_TO_32_BIT_CONVERSION = YES;
				GCC_WARN_ABOUT_RETURN_TYPE = YES_ERROR;
				GCC_WARN_UNDECLARED_SELECTOR = YES;
				GCC_WARN_UNINITIALIZED_AUTOS = YES_AGGRESSIVE;
				GCC_WARN_UNUSED_FUNCTION = YES;
				GCC_WARN_UNUSED_VARIABLE = YES;
				IPHONEOS_DEPLOYMENT_TARGET = 8.4;
				MTL_ENABLE_DEBUG_INFO = NO;
				SDKROOT = iphoneos;
				TARGETED_DEVICE_FAMILY = "1,2";
				VALIDATE_PRODUCT = YES;
			};
			name = Release;
		};
		69BAD8A21B7D0AA600DD91C2 /* Debug */ = {
			isa = XCBuildConfiguration;
			buildSettings = {
				ASSETCATALOG_COMPILER_APPICON_NAME = AppIcon;
				INFOPLIST_FILE = "Xcode Bot Test/Info.plist";
				LD_RUNPATH_SEARCH_PATHS = "$(inherited) @executable_path/Frameworks";
				PRODUCT_NAME = "$(TARGET_NAME)";
			};
			name = Debug;
		};
		69BAD8A31B7D0AA600DD91C2 /* Release */ = {
			isa = XCBuildConfiguration;
			buildSettings = {
				ASSETCATALOG_COMPILER_APPICON_NAME = AppIcon;
				INFOPLIST_FILE = "Xcode Bot Test/Info.plist";
				LD_RUNPATH_SEARCH_PATHS = "$(inherited) @executable_path/Frameworks";
				PRODUCT_NAME = "$(TARGET_NAME)";
			};
			name = Release;
		};
		69BAD8A51B7D0AA600DD91C2 /* Debug */ = {
			isa = XCBuildConfiguration;
			buildSettings = {
				BUNDLE_LOADER = "$(TEST_HOST)";
				FRAMEWORK_SEARCH_PATHS = (
					"$(SDKROOT)/Developer/Library/Frameworks",
					"$(inherited)",
				);
				GCC_PREPROCESSOR_DEFINITIONS = (
					"DEBUG=1",
					"$(inherited)",
				);
				INFOPLIST_FILE = "Xcode Bot TestTests/Info.plist";
				LD_RUNPATH_SEARCH_PATHS = "$(inherited) @executable_path/Frameworks @loader_path/Frameworks";
				PRODUCT_NAME = "$(TARGET_NAME)";
				TEST_HOST = "$(BUILT_PRODUCTS_DIR)/Xcode Bot Test.app/Xcode Bot Test";
			};
			name = Debug;
		};
		69BAD8A61B7D0AA600DD91C2 /* Release */ = {
			isa = XCBuildConfiguration;
			buildSettings = {
				BUNDLE_LOADER = "$(TEST_HOST)";
				FRAMEWORK_SEARCH_PATHS = (
					"$(SDKROOT)/Developer/Library/Frameworks",
					"$(inherited)",
				);
				INFOPLIST_FILE = "Xcode Bot TestTests/Info.plist";
				LD_RUNPATH_SEARCH_PATHS = "$(inherited) @executable_path/Frameworks @loader_path/Frameworks";
				PRODUCT_NAME = "$(TARGET_NAME)";
				TEST_HOST = "$(BUILT_PRODUCTS_DIR)/Xcode Bot Test.app/Xcode Bot Test";
			};
			name = Release;
		};
/* End XCBuildConfiguration section */

/* Begin XCConfigurationList section */
		69BAD8791B7D0AA600DD91C2 /* Build configuration list for PBXProject "Xcode Bot Test" */ = {
			isa = XCConfigurationList;
			buildConfigurations = (
				69BAD89F1B7D0AA600DD91C2 /* Debug */,
				69BAD8A01B7D0AA600DD91C2 /* Release */,
			);
			defaultConfigurationIsVisible = 0;
			defaultConfigurationName = Release;
		};
		69BAD8A11B7D0AA600DD91C2 /* Build configuration list for PBXNativeTarget "Xcode Bot Test" */ = {
			isa = XCConfigurationList;
			buildConfigurations = (
				69BAD8A21B7D0AA600DD91C2 /* Debug */,
				69BAD8A31B7D0AA600DD91C2 /* Release */,
			);
			defaultConfigurationIsVisible = 0;
		};
		69BAD8A41B7D0AA600DD91C2 /* Build configuration list for PBXNativeTarget "Xcode Bot TestTests" */ = {
			isa = XCConfigurationList;
			buildConfigurations = (
				69BAD8A51B7D0AA600DD91C2 /* Debug */,
				69BAD8A61B7D0AA600DD91C2 /* Release */,
			);
			defaultConfigurationIsVisible = 0;
		};
/* End XCConfigurationList section */
	};
	rootObject = 69BAD8761B7D0AA600DD91C2 /* Project object */;
}
